
Microsoft Visual Studio Solution File, Format Version 12.00
# Visual Studio Version 17
VisualStudioVersion = 17.6.33815.320
MinimumVisualStudioVersion = 10.0.40219.1
Project("{9A19103F-16F7-4668-BE54-9A1E7A4F7556}") = "pepeizqs deals web", "pepeizqs deals web\pepeizqs deals web.csproj", "{6E6DC9C8-900D-4216-8C31-890C50C54F32}"
EndProject
Global
	GlobalSection(SolutionConfigurationPlatforms) = preSolution
		Debug|Any CPU = Debug|Any CPU
		Release|Any CPU = Release|Any CPU
	EndGlobalSection
	GlobalSection(ProjectConfigurationPlatforms) = postSolution
		{6E6DC9C8-900D-4216-8C31-890C50C54F32}.Debug|Any CPU.ActiveCfg = Debug|Any CPU
		{6E6DC9C8-900D-4216-8C31-890C50C54F32}.Debug|Any CPU.Build.0 = Debug|Any CPU
		{6E6DC9C8-900D-4216-8C31-890C50C54F32}.Release|Any CPU.ActiveCfg = Release|Any CPU
		{6E6DC9C8-900D-4216-8C31-890C50C54F32}.Release|Any CPU.Build.0 = Release|Any CPU
	EndGlobalSection
	GlobalSection(SolutionProperties) = preSolution
		HideSolutionNode = FALSE
	EndGlobalSection
	GlobalSection(ExtensibilityGlobals) = postSolution
		SolutionGuid = {E87BAE4D-AC2B-425F-81F2-732DCFD265EC}
	EndGlobalSection
EndGlobal
